<?xml version="1.0" encoding="utf-8"?>
<Project ToolsVersion="4.0" xmlns="http://schemas.microsoft.com/developer/msbuild/2003">
  <ItemGroup>
    <Filter Include="Source Files">
      <UniqueIdentifier>{4FC737F1-C7A5-4376-A066-2A32D752A2FF}</UniqueIdentifier>
      <Extensions>cpp;c;cc;cxx;def;odl;idl;hpj;bat;asm;asmx</Extensions>
    </Filter>
    <Filter Include="Header Files">
      <UniqueIdentifier>{93995380-89BD-4b04-88EB-625FBE52EBFB}</UniqueIdentifier>
      <Extensions>h;hpp;hxx;hm;inl;inc;xsd</Extensions>
    </Filter>
    <Filter Include="Resource Files">
      <UniqueIdentifier>{67DA6AB6-F800-4c08-8B7A-83BB121AAD01}</UniqueIdentifier>
      <Extensions>rc;ico;cur;bmp;dlg;rc2;rct;bin;rgs;gif;jpg;jpeg;jpe;resx;tiff;tif;png;wav</Extensions>
    </Filter>
  </ItemGroup>
  <ItemGroup>
    <ClCompile Include="BaseSplitter.cpp">
      <Filter>Source Files</Filter>
    </ClCompile>
    <ClCompile Include="Book.cpp">
      <Filter>Source Files</Filter>
    </ClCompile>
    <ClCompile Include="BookKeyList.cpp">
      <Filter>Source Files</Filter>
    </ClCompile>
    <ClCompile Include="BookPage.cpp">
      <Filter>Source Files</Filter>
    </ClCompile>
    <ClCompile Include="ButtonEx.cpp">
      <Filter>Source Files</Filter>
    </ClCompile>
    <ClCompile Include="CaliderDlg.cpp">
      <Filter>Source Files</Filter>
    </ClCompile>
    <ClCompile Include="ChaptersParagraphs.cpp">
      <Filter>Source Files</Filter>
    </ClCompile>
    <ClCompile Include="DateStr.cpp">
      <Filter>Source Files</Filter>
    </ClCompile>
    <ClCompile Include="HeadLineView.cpp">
      <Filter>Source Files</Filter>
    </ClCompile>
    <ClCompile Include="MainFrm.cpp">
      <Filter>Source Files</Filter>
    </ClCompile>
    <ClCompile Include="MsgView.cpp">
      <Filter>Source Files</Filter>
    </ClCompile>
    <ClCompile Include="MSlidrCtrl.cpp">
      <Filter>Source Files</Filter>
    </ClCompile>
    <ClCompile Include="Perek10.cpp">
      <Filter>Source Files</Filter>
    </ClCompile>
    <ClCompile Include="Perek11.cpp">
      <Filter>Source Files</Filter>
    </ClCompile>
    <ClCompile Include="Perek12.cpp">
      <Filter>Source Files</Filter>
    </ClCompile>
    <ClCompile Include="Perek13.cpp">
      <Filter>Source Files</Filter>
    </ClCompile>
    <ClCompile Include="Perek14.cpp">
      <Filter>Source Files</Filter>
    </ClCompile>
    <ClCompile Include="Perek15.cpp">
      <Filter>Source Files</Filter>
    </ClCompile>
    <ClCompile Include="Perek16.cpp">
      <Filter>Source Files</Filter>
    </ClCompile>
    <ClCompile Include="Perek17.cpp">
      <Filter>Source Files</Filter>
    </ClCompile>
    <ClCompile Include="Perek18.cpp">
      <Filter>Source Files</Filter>
    </ClCompile>
    <ClCompile Include="Perek19.cpp">
      <Filter>Source Files</Filter>
    </ClCompile>
    <ClCompile Include="Perek2.cpp">
      <Filter>Source Files</Filter>
    </ClCompile>
    <ClCompile Include="Perek20.cpp">
      <Filter>Source Files</Filter>
    </ClCompile>
    <ClCompile Include="Perek21.cpp">
      <Filter>Source Files</Filter>
    </ClCompile>
    <ClCompile Include="Perek22.cpp">
      <Filter>Source Files</Filter>
    </ClCompile>
    <ClCompile Include="Perek23.cpp">
      <Filter>Source Files</Filter>
    </ClCompile>
    <ClCompile Include="Perek24.cpp">
      <Filter>Source Files</Filter>
    </ClCompile>
    <ClCompile Include="Perek25.cpp">
      <Filter>Source Files</Filter>
    </ClCompile>
    <ClCompile Include="Perek26.cpp">
      <Filter>Source Files</Filter>
    </ClCompile>
    <ClCompile Include="Perek27.cpp">
      <Filter>Source Files</Filter>
    </ClCompile>
    <ClCompile Include="Perek28.cpp">
      <Filter>Source Files</Filter>
    </ClCompile>
    <ClCompile Include="Perek29.cpp">
      <Filter>Source Files</Filter>
    </ClCompile>
    <ClCompile Include="Perek2DBase.cpp">
      <Filter>Source Files</Filter>
    </ClCompile>
    <ClCompile Include="Perek3.cpp">
      <Filter>Source Files</Filter>
    </ClCompile>
    <ClCompile Include="Perek30.cpp">
      <Filter>Source Files</Filter>
    </ClCompile>
    <ClCompile Include="Perek31.cpp">
      <Filter>Source Files</Filter>
    </ClCompile>
    <ClCompile Include="Perek32.cpp">
      <Filter>Source Files</Filter>
    </ClCompile>
    <ClCompile Include="Perek33.cpp">
      <Filter>Source Files</Filter>
    </ClCompile>
    <ClCompile Include="Perek34.cpp">
      <Filter>Source Files</Filter>
    </ClCompile>
    <ClCompile Include="Perek35.cpp">
      <Filter>Source Files</Filter>
    </ClCompile>
    <ClCompile Include="Perek36.cpp">
      <Filter>Source Files</Filter>
    </ClCompile>
    <ClCompile Include="Perek37.cpp">
      <Filter>Source Files</Filter>
    </ClCompile>
    <ClCompile Include="Perek38.cpp">
      <Filter>Source Files</Filter>
    </ClCompile>
    <ClCompile Include="Perek39.cpp">
      <Filter>Source Files</Filter>
    </ClCompile>
    <ClCompile Include="Perek3DBase.cpp">
      <Filter>Source Files</Filter>
    </ClCompile>
    <ClCompile Include="Perek4.cpp">
      <Filter>Source Files</Filter>
    </ClCompile>
    <ClCompile Include="Perek41.cpp">
      <Filter>Source Files</Filter>
    </ClCompile>
    <ClCompile Include="Perek42.cpp">
      <Filter>Source Files</Filter>
    </ClCompile>
    <ClCompile Include="Perek43.cpp">
      <Filter>Source Files</Filter>
    </ClCompile>
    <ClCompile Include="Perek44.cpp">
      <Filter>Source Files</Filter>
    </ClCompile>
    <ClCompile Include="Perek45.cpp">
      <Filter>Source Files</Filter>
    </ClCompile>
    <ClCompile Include="Perek46.cpp">
      <Filter>Source Files</Filter>
    </ClCompile>
    <ClCompile Include="Perek47.cpp">
      <Filter>Source Files</Filter>
    </ClCompile>
    <ClCompile Include="Perek48.cpp">
      <Filter>Source Files</Filter>
    </ClCompile>
    <ClCompile Include="Perek49.cpp">
      <Filter>Source Files</Filter>
    </ClCompile>
    <ClCompile Include="Perek5.cpp">
      <Filter>Source Files</Filter>
    </ClCompile>
    <ClCompile Include="Perek50.cpp">
      <Filter>Source Files</Filter>
    </ClCompile>
    <ClCompile Include="Perek6.cpp">
      <Filter>Source Files</Filter>
    </ClCompile>
    <ClCompile Include="Perek7.cpp">
      <Filter>Source Files</Filter>
    </ClCompile>
    <ClCompile Include="Person.cpp">
      <Filter>Source Files</Filter>
    </ClCompile>
    <ClCompile Include="Slider.cpp">
      <Filter>Source Files</Filter>
    </ClCompile>
    <ClCompile Include="SpeedTable.cpp">
      <Filter>Source Files</Filter>
    </ClCompile>
    <ClCompile Include="stdafx.cpp">
      <Filter>Source Files</Filter>
    </ClCompile>
    <ClCompile Include="TabDlg.cpp">
      <Filter>Source Files</Filter>
    </ClCompile>
    <ClCompile Include="TabExCtrl.cpp">
      <Filter>Source Files</Filter>
    </ClCompile>
    <ClCompile Include="TabsFrame.cpp">
      <Filter>Source Files</Filter>
    </ClCompile>
    <ClCompile Include="ToolExBar.cpp">
      <Filter>Source Files</Filter>
    </ClCompile>
  </ItemGroup>
  <ItemGroup>
    <ClInclude Include="BaseSplitter.h">
      <Filter>Header Files</Filter>
    </ClInclude>
    <ClInclude Include="Book.h">
      <Filter>Header Files</Filter>
    </ClInclude>
    <ClInclude Include="BookKeyList.h">
      <Filter>Header Files</Filter>
    </ClInclude>
    <ClInclude Include="BookPage.h">
      <Filter>Header Files</Filter>
    </ClInclude>
    <ClInclude Include="ButtonEx.h">
      <Filter>Header Files</Filter>
    </ClInclude>
    <ClInclude Include="CaliderDlg.h">
      <Filter>Header Files</Filter>
    </ClInclude>
    <ClInclude Include="ChaptersParagraphs.h">
      <Filter>Header Files</Filter>
    </ClInclude>
    <ClInclude Include="DateStr.h">
      <Filter>Header Files</Filter>
    </ClInclude>
    <ClInclude Include="HeadLineView.h">
      <Filter>Header Files</Filter>
    </ClInclude>
    <ClInclude Include="MainFrm.h">
      <Filter>Header Files</Filter>
    </ClInclude>
    <ClInclude Include="MsgView.h">
      <Filter>Header Files</Filter>
    </ClInclude>
    <ClInclude Include="MSlidrCtrl.h">
      <Filter>Header Files</Filter>
    </ClInclude>
    <ClInclude Include="Perek10.h">
      <Filter>Header Files</Filter>
    </ClInclude>
    <ClInclude Include="Perek11.h">
      <Filter>Header Files</Filter>
    </ClInclude>
    <ClInclude Include="Perek12.h">
      <Filter>Header Files</Filter>
    </ClInclude>
    <ClInclude Include="Perek13.h">
      <Filter>Header Files</Filter>
    </ClInclude>
    <ClInclude Include="Perek14.h">
      <Filter>Header Files</Filter>
    </ClInclude>
    <ClInclude Include="Perek15.h">
      <Filter>Header Files</Filter>
    </ClInclude>
    <ClInclude Include="Perek16.h">
      <Filter>Header Files</Filter>
    </ClInclude>
    <ClInclude Include="Perek17.h">
      <Filter>Header Files</Filter>
    </ClInclude>
    <ClInclude Include="Perek18.h">
      <Filter>Header Files</Filter>
    </ClInclude>
    <ClInclude Include="Perek19.h">
      <Filter>Header Files</Filter>
    </ClInclude>
    <ClInclude Include="Perek2.h">
      <Filter>Header Files</Filter>
    </ClInclude>
    <ClInclude Include="Perek20.h">
      <Filter>Header Files</Filter>
    </ClInclude>
    <ClInclude Include="Perek21.h">
      <Filter>Header Files</Filter>
    </ClInclude>
    <ClInclude Include="Perek22.h">
      <Filter>Header Files</Filter>
    </ClInclude>
    <ClInclude Include="Perek23.h">
      <Filter>Header Files</Filter>
    </ClInclude>
    <ClInclude Include="Perek24.h">
      <Filter>Header Files</Filter>
    </ClInclude>
    <ClInclude Include="Perek25.h">
      <Filter>Header Files</Filter>
    </ClInclude>
    <ClInclude Include="Perek26.h">
      <Filter>Header Files</Filter>
    </ClInclude>
    <ClInclude Include="Perek27.h">
      <Filter>Header Files</Filter>
    </ClInclude>
    <ClInclude Include="Perek28.h">
      <Filter>Header Files</Filter>
    </ClInclude>
    <ClInclude Include="Perek29.h">
      <Filter>Header Files</Filter>
    </ClInclude>
    <ClInclude Include="Perek2DBase.h">
      <Filter>Header Files</Filter>
    </ClInclude>
    <ClInclude Include="Perek3.h">
      <Filter>Header Files</Filter>
    </ClInclude>
    <ClInclude Include="Perek30.h">
      <Filter>Header Files</Filter>
    </ClInclude>
    <ClInclude Include="Perek31.h">
      <Filter>Header Files</Filter>
    </ClInclude>
    <ClInclude Include="Perek32.h">
      <Filter>Header Files</Filter>
    </ClInclude>
    <ClInclude Include="Perek33.h">
      <Filter>Header Files</Filter>
    </ClInclude>
    <ClInclude Include="Perek34.h">
      <Filter>Header Files</Filter>
    </ClInclude>
    <ClInclude Include="Perek35.h">
      <Filter>Header Files</Filter>
    </ClInclude>
    <ClInclude Include="Perek36.h">
      <Filter>Header Files</Filter>
    </ClInclude>
    <ClInclude Include="Perek37.h">
      <Filter>Header Files</Filter>
    </ClInclude>
    <ClInclude Include="Perek38.h">
      <Filter>Header Files</Filter>
    </ClInclude>
    <ClInclude Include="Perek39.h">
      <Filter>Header Files</Filter>
    </ClInclude>
    <ClInclude Include="Perek3DBase.h">
      <Filter>Header Files</Filter>
    </ClInclude>
    <ClInclude Include="Perek4.h">
      <Filter>Header Files</Filter>
    </ClInclude>
    <ClInclude Include="Perek41.h">
      <Filter>Header Files</Filter>
    </ClInclude>
    <ClInclude Include="Perek42.h">
      <Filter>Header Files</Filter>
    </ClInclude>
    <ClInclude Include="Perek43.h">
      <Filter>Header Files</Filter>
    </ClInclude>
    <ClInclude Include="Perek44.h">
      <Filter>Header Files</Filter>
    </ClInclude>
    <ClInclude Include="Perek45.h">
      <Filter>Header Files</Filter>
    </ClInclude>
    <ClInclude Include="Perek46.h">
      <Filter>Header Files</Filter>
    </ClInclude>
    <ClInclude Include="Perek47.h">
      <Filter>Header Files</Filter>
    </ClInclude>
    <ClInclude Include="Perek48.h">
      <Filter>Header Files</Filter>
    </ClInclude>
    <ClInclude Include="Perek49.h">
      <Filter>Header Files</Filter>
    </ClInclude>
    <ClInclude Include="Perek5.h">
      <Filter>Header Files</Filter>
    </ClInclude>
    <ClInclude Include="Perek50.h">
      <Filter>Header Files</Filter>
    </ClInclude>
    <ClInclude Include="Perek6.h">
      <Filter>Header Files</Filter>
    </ClInclude>
    <ClInclude Include="Perek7.h">
      <Filter>Header Files</Filter>
    </ClInclude>
    <ClInclude Include="Person.h">
      <Filter>Header Files</Filter>
    </ClInclude>
    <ClInclude Include="RegMsg.h">
      <Filter>Header Files</Filter>
    </ClInclude>
    <ClInclude Include="Resource.h">
      <Filter>Header Files</Filter>
    </ClInclude>
    <ClInclude Include="Slider.h">
      <Filter>Header Files</Filter>
    </ClInclude>
    <ClInclude Include="SpeedTable.h">
      <Filter>Header Files</Filter>
    </ClInclude>
    <ClInclude Include="stdafx.h">
      <Filter>Header Files</Filter>
    </ClInclude>
    <ClInclude Include="TabDlg.h">
      <Filter>Header Files</Filter>
    </ClInclude>
    <ClInclude Include="TabExCtrl.h">
      <Filter>Header Files</Filter>
    </ClInclude>
    <ClInclude Include="TabsFrame.h">
      <Filter>Header Files</Filter>
    </ClInclude>
    <ClInclude Include="ToolExBar.h">
      <Filter>Header Files</Filter>
    </ClInclude>
  </ItemGroup>
  <ItemGroup>
    <Image Include="res\bitmap1.bmp">
      <Filter>Resource Files</Filter>
    </Image>
    <Image Include="res\bitmap2.bmp">
      <Filter>Resource Files</Filter>
    </Image>
    <Image Include="res\bitmap_o.bmp">
      <Filter>Resource Files</Filter>
    </Image>
    <Image Include="res\bmp00001.bmp">
      <Filter>Resource Files</Filter>
    </Image>
    <Image Include="res\bmp00002.bmp">
      <Filter>Resource Files</Filter>
    </Image>
    <Image Include="res\ico00001.ico">
      <Filter>Resource Files</Filter>
    </Image>
    <Image Include="res\ico00002.ico">
      <Filter>Resource Files</Filter>
    </Image>
    <Image Include="res\icon1.ico">
      <Filter>Resource Files</Filter>
    </Image>
    <Image Include="res\mazalotNames.bmp">
      <Filter>Resource Files</Filter>
    </Image>
    <Image Include="res\TabsFrame.ico">
      <Filter>Resource Files</Filter>
    </Image>
    <Image Include="res\Toolbar.bmp">
      <Filter>Resource Files</Filter>
    </Image>
    <Image Include="res\toolbar1.bmp">
      <Filter>Resource Files</Filter>
    </Image>
  </ItemGroup>
  <ItemGroup>
    <ResourceCompile Include="TabsFrame.rc">
      <Filter>Resource Files</Filter>
    </ResourceCompile>
  </ItemGroup>
  <ItemGroup>
    <None Include="res\TabsFrame.rc2">
      <Filter>Resource Files</Filter>
    </None>
  </ItemGroup>
  <ItemGroup>
    <Text Include="ReadMe.txt" />
  </ItemGroup>
</Project>